
Microsoft Visual Studio Solution File, Format Version 12.00
# Visual Studio Version 17
VisualStudioVersion = 17.7.34202.233
MinimumVisualStudioVersion = 10.0.40219.1
Project("{FAE04EC0-301F-11D3-BF4B-00C04F79EFBC}") = "Vetor5", "Vetor5\Vetor5.csproj", "{961ED666-B01B-4A58-8B13-FFBEAC466EEF}"
EndProject
Global
	GlobalSection(SolutionConfigurationPlatforms) = preSolution
		Debug|Any CPU = Debug|Any CPU
		Release|Any CPU = Release|Any CPU
	EndGlobalSection
	GlobalSection(ProjectConfigurationPlatforms) = postSolution
		{961ED666-B01B-4A58-8B13-FFBEAC466EEF}.Debug|Any CPU.ActiveCfg = Debug|Any CPU
		{961ED666-B01B-4A58-8B13-FFBEAC466EEF}.Debug|Any CPU.Build.0 = Debug|Any CPU
		{961ED666-B01B-4A58-8B13-FFBEAC466EEF}.Release|Any CPU.ActiveCfg = Release|Any CPU
		{961ED666-B01B-4A58-8B13-FFBEAC466EEF}.Release|Any CPU.Build.0 = Release|Any CPU
	EndGlobalSection
	GlobalSection(SolutionProperties) = preSolution
		HideSolutionNode = FALSE
	EndGlobalSection
	GlobalSection(ExtensibilityGlobals) = postSolution
		SolutionGuid = {28943700-6441-4CD2-8B8E-9ED8E07B62D8}
	EndGlobalSection
EndGlobal
